{
  "name": "mfx-advanced-condition-matcher",
  "version": "1.1.0",
  "lockfileVersion": 1,
  "requires": true,
  "dependencies": {
    "expr-eval": {
      "version": "2.0.2",
      "resolved": "https://registry.npmjs.org/expr-eval/-/expr-eval-2.0.2.tgz",
      "integrity": "sha512-4EMSHGOPSwAfBiibw3ndnP0AvjDWLsMvGOvWEZ2F96IGk0bIVdjQisOHxReSkE13mHcfbuCiXw+G4y0zv6N8Eg=="
    },
    "mf-dynamic-form": {
      "version": "2.1.2",
      "resolved": "https://registry.npmjs.org/mf-dynamic-form/-/mf-dynamic-form-2.1.2.tgz",
      "integrity": "sha512-oxu8PmjOSvvEubvlkWHhjBYgyYaFyrD4VPT0317fZGT7m4BZWO8FD0yO+xm9QZi6Vw0JlQ6c48VXerz8Lp9+VQ==",
      "requires": {
        "ng-dynamic-component": "^8.0.1",
        "tslib": "^2.0.0"
      }
    },
    "ng-dynamic-component": {
      "version": "8.0.1",
      "resolved": "https://registry.npmjs.org/ng-dynamic-component/-/ng-dynamic-component-8.0.1.tgz",
      "integrity": "sha512-Ak25QTYmjNVxyZ6ywqRDDjoqAJheFeK0XoHsomwVjdHSiLoQcGfNNj5z51pqoRGpjdDZMSV+J2gaCbRNBeiy3g==",
      "requires": {
        "tslib": "^2.0.0"
      }
    },
    "tslib": {
      "version": "2.3.1",
      "resolved": "https://registry.npmjs.org/tslib/-/tslib-2.3.1.tgz",
      "integrity": "sha512-77EbyPPpMz+FRFRuAFlWMtmgUWGe9UOG2Z25NqCwiIjRhOf5iKGuzSe5P2w1laq+FkRy4p+PCuVkJSGkzTEKVw=="
    },
    "typescript": {
      "version": "4.1.6",
      "resolved": "https://registry.npmjs.org/typescript/-/typescript-4.1.6.tgz",
      "integrity": "sha512-pxnwLxeb/Z5SP80JDRzVjh58KsM6jZHRAOtTpS7sXLS4ogXNKC9ANxHHZqLLeVHZN35jCtI4JdmLLbLiC1kBow==",
      "dev": true
    }
  }
}
