{
  "name": "mfx-advanced-condition-matcher",
  "version": "0.0.1",
  "lockfileVersion": 1,
  "requires": true,
  "dependencies": {
    "filtrex": {
      "version": "2.2.3",
      "resolved": "https://registry.npmjs.org/filtrex/-/filtrex-2.2.3.tgz",
      "integrity": "sha512-TL12R6SckvJdZLibXqyp4D//wXZNyCalVYGqaWwQk9zucq9dRxmrJV4oyuRq4PHFHCeV5ZdzncIc/Ybqv1Lr6Q=="
    },
    "typescript": {
      "version": "4.1.6",
      "resolved": "https://registry.npmjs.org/typescript/-/typescript-4.1.6.tgz",
      "integrity": "sha512-pxnwLxeb/Z5SP80JDRzVjh58KsM6jZHRAOtTpS7sXLS4ogXNKC9ANxHHZqLLeVHZN35jCtI4JdmLLbLiC1kBow==",
      "dev": true
    }
  }
}
